{
  "version": 4,
  "terraform_version": "1.14.7",
  "serial": 13,
  "lineage": "1e052470-65c9-81c0-1a1e-d7e41785a414",
  "outputs": {
    "alb_public_ip": {
      "value": "52.172.226.50",
      "type": "string"
    },
    "vm_public_ip": {
      "value": "",
      "type": "string"
    }
  },
  "resources": [
    {
      "mode": "managed",
      "type": "azurerm_lb",
      "name": "alb",
      "provider": "provider[\"registry.terraform.io/hashicorp/azurerm\"]",
      "instances": [
        {
          "schema_version": 0,
          "attributes": {
            "edge_zone": "",
            "frontend_ip_configuration": [
              {
                "gateway_load_balancer_frontend_ip_configuration_id": "",
                "id": "/subscriptions/b90be6b5-f715-47e4-86cc-0cbec722b1eb/resourceGroups/Healthcare-RG/providers/Microsoft.Network/loadBalancers/healthcare-lb/frontendIPConfigurations/PublicIPAddress",
                "inbound_nat_rules": [],
                "load_balancer_rules": [],
                "name": "PublicIPAddress",
                "outbound_rules": [],
                "private_ip_address": "",
                "private_ip_address_allocation": "Dynamic",
                "private_ip_address_version": "",
                "public_ip_address_id": "/subscriptions/b90be6b5-f715-47e4-86cc-0cbec722b1eb/resourceGroups/Healthcare-RG/providers/Microsoft.Network/publicIPAddresses/healthcare-alb-ip",
                "public_ip_prefix_id": "",
                "subnet_id": "",
                "zones": null
              }
            ],
            "id": "/subscriptions/b90be6b5-f715-47e4-86cc-0cbec722b1eb/resourceGroups/Healthcare-RG/providers/Microsoft.Network/loadBalancers/healthcare-lb",
            "location": "centralindia",
            "name": "healthcare-lb",
            "private_ip_address": "",
            "private_ip_addresses": [],
            "resource_group_name": "Healthcare-RG",
            "sku": "Standard",
            "sku_tier": "Regional",
            "tags": null,
            "timeouts": null
          },
          "sensitive_attributes": [],
          "identity_schema_version": 0,
          "private": "eyJlMmJmYjczMC1lY2FhLTExZTYtOGY4OC0zNDM2M2JjN2M0YzAiOnsiY3JlYXRlIjoxODAwMDAwMDAwMDAwLCJkZWxldGUiOjE4MDAwMDAwMDAwMDAsInJlYWQiOjMwMDAwMDAwMDAwMCwidXBkYXRlIjoxODAwMDAwMDAwMDAwfX0=",
          "dependencies": [
            "azurerm_public_ip.alb_ip",
            "azurerm_resource_group.rg"
          ]
        }
      ]
    },
    {
      "mode": "managed",
      "type": "azurerm_lb_backend_address_pool",
      "name": "bap",
      "provider": "provider[\"registry.terraform.io/hashicorp/azurerm\"]",
      "instances": [
        {
          "schema_version": 0,
          "attributes": {
            "backend_ip_configurations": [],
            "id": "/subscriptions/b90be6b5-f715-47e4-86cc-0cbec722b1eb/resourceGroups/Healthcare-RG/providers/Microsoft.Network/loadBalancers/healthcare-lb/backendAddressPools/HealthcarePool",
            "inbound_nat_rules": [],
            "load_balancing_rules": [],
            "loadbalancer_id": "/subscriptions/b90be6b5-f715-47e4-86cc-0cbec722b1eb/resourceGroups/Healthcare-RG/providers/Microsoft.Network/loadBalancers/healthcare-lb",
            "name": "HealthcarePool",
            "outbound_rules": [],
            "synchronous_mode": "",
            "timeouts": null,
            "tunnel_interface": [],
            "virtual_network_id": ""
          },
          "sensitive_attributes": [],
          "identity_schema_version": 0,
          "private": "eyJlMmJmYjczMC1lY2FhLTExZTYtOGY4OC0zNDM2M2JjN2M0YzAiOnsiY3JlYXRlIjoxODAwMDAwMDAwMDAwLCJkZWxldGUiOjE4MDAwMDAwMDAwMDAsInJlYWQiOjMwMDAwMDAwMDAwMCwidXBkYXRlIjoxODAwMDAwMDAwMDAwfX0=",
          "dependencies": [
            "azurerm_lb.alb",
            "azurerm_public_ip.alb_ip",
            "azurerm_resource_group.rg"
          ]
        }
      ]
    },
    {
      "mode": "managed",
      "type": "azurerm_lb_probe",
      "name": "probe",
      "provider": "provider[\"registry.terraform.io/hashicorp/azurerm\"]",
      "instances": [
        {
          "schema_version": 0,
          "attributes": {
            "id": "/subscriptions/b90be6b5-f715-47e4-86cc-0cbec722b1eb/resourceGroups/Healthcare-RG/providers/Microsoft.Network/loadBalancers/healthcare-lb/probes/http-probe",
            "interval_in_seconds": 15,
            "load_balancer_rules": [],
            "loadbalancer_id": "/subscriptions/b90be6b5-f715-47e4-86cc-0cbec722b1eb/resourceGroups/Healthcare-RG/providers/Microsoft.Network/loadBalancers/healthcare-lb",
            "name": "http-probe",
            "number_of_probes": 2,
            "port": 32000,
            "probe_threshold": 1,
            "protocol": "Tcp",
            "request_path": "",
            "timeouts": null
          },
          "sensitive_attributes": [],
          "identity_schema_version": 0,
          "private": "eyJlMmJmYjczMC1lY2FhLTExZTYtOGY4OC0zNDM2M2JjN2M0YzAiOnsiY3JlYXRlIjoxODAwMDAwMDAwMDAwLCJkZWxldGUiOjE4MDAwMDAwMDAwMDAsInJlYWQiOjMwMDAwMDAwMDAwMCwidXBkYXRlIjoxODAwMDAwMDAwMDAwfX0=",
          "dependencies": [
            "azurerm_lb.alb",
            "azurerm_public_ip.alb_ip",
            "azurerm_resource_group.rg"
          ]
        }
      ]
    },
    {
      "mode": "managed",
      "type": "azurerm_lb_rule",
      "name": "backend_rule",
      "provider": "provider[\"registry.terraform.io/hashicorp/azurerm\"]",
      "instances": [
        {
          "schema_version": 0,
          "attributes": {
            "backend_address_pool_ids": [
              "/subscriptions/b90be6b5-f715-47e4-86cc-0cbec722b1eb/resourceGroups/Healthcare-RG/providers/Microsoft.Network/loadBalancers/healthcare-lb/backendAddressPools/HealthcarePool"
            ],
            "backend_port": 31000,
            "disable_outbound_snat": false,
            "enable_floating_ip": false,
            "enable_tcp_reset": false,
            "frontend_ip_configuration_id": "/subscriptions/b90be6b5-f715-47e4-86cc-0cbec722b1eb/resourceGroups/Healthcare-RG/providers/Microsoft.Network/loadBalancers/healthcare-lb/frontendIPConfigurations/PublicIPAddress",
            "frontend_ip_configuration_name": "PublicIPAddress",
            "frontend_port": 31000,
            "id": "/subscriptions/b90be6b5-f715-47e4-86cc-0cbec722b1eb/resourceGroups/Healthcare-RG/providers/Microsoft.Network/loadBalancers/healthcare-lb/loadBalancingRules/BackendRule",
            "idle_timeout_in_minutes": 4,
            "load_distribution": "Default",
            "loadbalancer_id": "/subscriptions/b90be6b5-f715-47e4-86cc-0cbec722b1eb/resourceGroups/Healthcare-RG/providers/Microsoft.Network/loadBalancers/healthcare-lb",
            "name": "BackendRule",
            "probe_id": "/subscriptions/b90be6b5-f715-47e4-86cc-0cbec722b1eb/resourceGroups/Healthcare-RG/providers/Microsoft.Network/loadBalancers/healthcare-lb/probes/http-probe",
            "protocol": "Tcp",
            "timeouts": null
          },
          "sensitive_attributes": [],
          "identity_schema_version": 0,
          "private": "eyJlMmJmYjczMC1lY2FhLTExZTYtOGY4OC0zNDM2M2JjN2M0YzAiOnsiY3JlYXRlIjoxODAwMDAwMDAwMDAwLCJkZWxldGUiOjE4MDAwMDAwMDAwMDAsInJlYWQiOjMwMDAwMDAwMDAwMCwidXBkYXRlIjoxODAwMDAwMDAwMDAwfX0=",
          "dependencies": [
            "azurerm_lb.alb",
            "azurerm_lb_backend_address_pool.bap",
            "azurerm_lb_probe.probe",
            "azurerm_public_ip.alb_ip",
            "azurerm_resource_group.rg"
          ]
        }
      ]
    },
    {
      "mode": "managed",
      "type": "azurerm_lb_rule",
      "name": "rule",
      "provider": "provider[\"registry.terraform.io/hashicorp/azurerm\"]",
      "instances": [
        {
          "schema_version": 0,
          "attributes": {
            "backend_address_pool_ids": [
              "/subscriptions/b90be6b5-f715-47e4-86cc-0cbec722b1eb/resourceGroups/Healthcare-RG/providers/Microsoft.Network/loadBalancers/healthcare-lb/backendAddressPools/HealthcarePool"
            ],
            "backend_port": 32000,
            "disable_outbound_snat": false,
            "enable_floating_ip": false,
            "enable_tcp_reset": false,
            "frontend_ip_configuration_id": "/subscriptions/b90be6b5-f715-47e4-86cc-0cbec722b1eb/resourceGroups/Healthcare-RG/providers/Microsoft.Network/loadBalancers/healthcare-lb/frontendIPConfigurations/PublicIPAddress",
            "frontend_ip_configuration_name": "PublicIPAddress",
            "frontend_port": 80,
            "id": "/subscriptions/b90be6b5-f715-47e4-86cc-0cbec722b1eb/resourceGroups/Healthcare-RG/providers/Microsoft.Network/loadBalancers/healthcare-lb/loadBalancingRules/LBRule",
            "idle_timeout_in_minutes": 4,
            "load_distribution": "Default",
            "loadbalancer_id": "/subscriptions/b90be6b5-f715-47e4-86cc-0cbec722b1eb/resourceGroups/Healthcare-RG/providers/Microsoft.Network/loadBalancers/healthcare-lb",
            "name": "LBRule",
            "probe_id": "/subscriptions/b90be6b5-f715-47e4-86cc-0cbec722b1eb/resourceGroups/Healthcare-RG/providers/Microsoft.Network/loadBalancers/healthcare-lb/probes/http-probe",
            "protocol": "Tcp",
            "timeouts": null
          },
          "sensitive_attributes": [],
          "identity_schema_version": 0,
          "private": "eyJlMmJmYjczMC1lY2FhLTExZTYtOGY4OC0zNDM2M2JjN2M0YzAiOnsiY3JlYXRlIjoxODAwMDAwMDAwMDAwLCJkZWxldGUiOjE4MDAwMDAwMDAwMDAsInJlYWQiOjMwMDAwMDAwMDAwMCwidXBkYXRlIjoxODAwMDAwMDAwMDAwfX0=",
          "dependencies": [
            "azurerm_lb.alb",
            "azurerm_lb_backend_address_pool.bap",
            "azurerm_lb_probe.probe",
            "azurerm_public_ip.alb_ip",
            "azurerm_resource_group.rg"
          ]
        }
      ]
    },
    {
      "mode": "managed",
      "type": "azurerm_linux_virtual_machine",
      "name": "vm",
      "provider": "provider[\"registry.terraform.io/hashicorp/azurerm\"]",
      "instances": [
        {
          "schema_version": 0,
          "attributes": {
            "additional_capabilities": [],
            "admin_password": null,
            "admin_ssh_key": [
              {
                "public_key": "ssh-rsa AAAAB3NzaC1yc2EAAAADAQABAAACAQDjTRNfDsJFT1+SwRdXr4hePFg/6y0GaTaBpUW4NnzKXJA9lD9uA+UY27M32mnCPIgyViSsJYKi/Ro+M+9tqYZLj6t/sOz9caBFbMj5bb5+77pXkoSQ3fYf4k4mmGn+CCKVNq7Pk6jtEdj3V6Ap9x+5YodrE3tDl9BHgWeYeJQjEwiggiFVoYMxx9yzHswwLvwJWddrfVvaAwNRzRT1UBOW3j1e++G34ZwQGFg8Mp88LadyO1S3FkPfrdkQcmXuVMv9lrYAqEVB+m60+IvCn4EoH0Y6EBxbnfiHgfBcn7tFBX5PHBozcXjFClWgwE23NqDY1sKjGfhxGweuqar1XwUCkTkBJF5eVrx4rka9Lqe22X69+R2bW1XmmoEJCTnZGGf7UXsDRGtNB35G/ht+D3XHZFJ48jRd16cHLGLS6T0xcnH+HAjHJVfhaid9h0bQaZ5MjatgBI/4L0c5wnqWWNI4u5TG/KVgS3PPAggFIRHcg8WYrqgLWG+LnxaM0j98zOPSbF2lHZsJPFCCm80eHaaj4DayGxLRanMSj9utjGYuft4uVgFr8RY4W50j+54jtlrw/tRnwvoa6b0HKe80lsWl90l+9GlmAjmOAnE7eSjyq8dlXmzzOt4iyia2uXK8l6bjLuzDNYCIQAr6ypToIOawYIzvZZwatirVcjfMspoFRw== simarjit@NTZ-LINUX-002\n",
                "username": "azureuser"
              }
            ],
            "admin_username": "azureuser",
            "allow_extension_operations": true,
            "availability_set_id": "",
            "boot_diagnostics": [],
            "bypass_platform_safety_checks_on_user_schedule_enabled": false,
            "capacity_reservation_group_id": "",
            "computer_name": "Healthcare-K8s-Node",
            "custom_data": null,
            "dedicated_host_group_id": "",
            "dedicated_host_id": "",
            "disable_password_authentication": true,
            "disk_controller_type": "",
            "edge_zone": "",
            "encryption_at_host_enabled": false,
            "eviction_policy": "",
            "extensions_time_budget": "PT1H30M",
            "gallery_application": [],
            "id": "/subscriptions/b90be6b5-f715-47e4-86cc-0cbec722b1eb/resourceGroups/Healthcare-RG/providers/Microsoft.Compute/virtualMachines/Healthcare-K8s-Node",
            "identity": [],
            "license_type": "",
            "location": "centralindia",
            "max_bid_price": -1,
            "name": "Healthcare-K8s-Node",
            "network_interface_ids": [
              "/subscriptions/b90be6b5-f715-47e4-86cc-0cbec722b1eb/resourceGroups/Healthcare-RG/providers/Microsoft.Network/networkInterfaces/healthcare-nic"
            ],
            "os_disk": [
              {
                "caching": "ReadWrite",
                "diff_disk_settings": [],
                "disk_encryption_set_id": "",
                "disk_size_gb": 30,
                "name": "Healthcare-K8s-Node_disk1_2a8f16232bf14c0ea6a373d875c5b2b0",
                "secure_vm_disk_encryption_set_id": "",
                "security_encryption_type": "",
                "storage_account_type": "Standard_LRS",
                "write_accelerator_enabled": false
              }
            ],
            "os_image_notification": [],
            "patch_assessment_mode": "ImageDefault",
            "patch_mode": "ImageDefault",
            "plan": [],
            "platform_fault_domain": -1,
            "priority": "Regular",
            "private_ip_address": "10.0.2.4",
            "private_ip_addresses": [
              "10.0.2.4"
            ],
            "provision_vm_agent": true,
            "proximity_placement_group_id": "",
            "public_ip_address": "",
            "public_ip_addresses": [],
            "reboot_setting": "",
            "resource_group_name": "Healthcare-RG",
            "secret": [],
            "secure_boot_enabled": false,
            "size": "Standard_D2s_v3",
            "source_image_id": "",
            "source_image_reference": [
              {
                "offer": "0001-com-ubuntu-server-jammy",
                "publisher": "Canonical",
                "sku": "22_04-lts",
                "version": "latest"
              }
            ],
            "tags": null,
            "termination_notification": null,
            "timeouts": null,
            "user_data": "",
            "virtual_machine_id": "0f85fe28-7ed5-4f42-b57a-cc38d3a0a35a",
            "virtual_machine_scale_set_id": "",
            "vm_agent_platform_updates_enabled": false,
            "vtpm_enabled": false,
            "zone": ""
          },
          "sensitive_attributes": [
            [
              {
                "type": "get_attr",
                "value": "admin_password"
              }
            ],
            [
              {
                "type": "get_attr",
                "value": "custom_data"
              }
            ]
          ],
          "identity_schema_version": 0,
          "private": "eyJlMmJmYjczMC1lY2FhLTExZTYtOGY4OC0zNDM2M2JjN2M0YzAiOnsiY3JlYXRlIjoyNzAwMDAwMDAwMDAwLCJkZWxldGUiOjI3MDAwMDAwMDAwMDAsInJlYWQiOjMwMDAwMDAwMDAwMCwidXBkYXRlIjoyNzAwMDAwMDAwMDAwfX0=",
          "dependencies": [
            "azurerm_network_interface.nic",
            "azurerm_resource_group.rg",
            "azurerm_subnet.subnet",
            "azurerm_virtual_network.vnet"
          ]
        }
      ]
    },
    {
      "mode": "managed",
      "type": "azurerm_network_interface",
      "name": "nic",
      "provider": "provider[\"registry.terraform.io/hashicorp/azurerm\"]",
      "instances": [
        {
          "schema_version": 0,
          "attributes": {
            "accelerated_networking_enabled": false,
            "applied_dns_servers": [],
            "auxiliary_mode": "",
            "auxiliary_sku": "",
            "dns_servers": [],
            "edge_zone": "",
            "enable_accelerated_networking": false,
            "enable_ip_forwarding": false,
            "id": "/subscriptions/b90be6b5-f715-47e4-86cc-0cbec722b1eb/resourceGroups/Healthcare-RG/providers/Microsoft.Network/networkInterfaces/healthcare-nic",
            "internal_dns_name_label": "",
            "internal_domain_name_suffix": "wo0xadt5ntcetgo3pvr30ofgpb.rx.internal.cloudapp.net",
            "ip_configuration": [
              {
                "gateway_load_balancer_frontend_ip_configuration_id": "",
                "name": "internal",
                "primary": true,
                "private_ip_address": "10.0.2.4",
                "private_ip_address_allocation": "Dynamic",
                "private_ip_address_version": "IPv4",
                "public_ip_address_id": "",
                "subnet_id": "/subscriptions/b90be6b5-f715-47e4-86cc-0cbec722b1eb/resourceGroups/Healthcare-RG/providers/Microsoft.Network/virtualNetworks/healthcare-vnet/subnets/internal"
              }
            ],
            "ip_forwarding_enabled": false,
            "location": "centralindia",
            "mac_address": "",
            "name": "healthcare-nic",
            "private_ip_address": "10.0.2.4",
            "private_ip_addresses": [
              "10.0.2.4"
            ],
            "resource_group_name": "Healthcare-RG",
            "tags": null,
            "timeouts": null,
            "virtual_machine_id": ""
          },
          "sensitive_attributes": [],
          "identity_schema_version": 0,
          "private": "eyJlMmJmYjczMC1lY2FhLTExZTYtOGY4OC0zNDM2M2JjN2M0YzAiOnsiY3JlYXRlIjoxODAwMDAwMDAwMDAwLCJkZWxldGUiOjE4MDAwMDAwMDAwMDAsInJlYWQiOjMwMDAwMDAwMDAwMCwidXBkYXRlIjoxODAwMDAwMDAwMDAwfX0=",
          "dependencies": [
            "azurerm_resource_group.rg",
            "azurerm_subnet.subnet",
            "azurerm_virtual_network.vnet"
          ]
        }
      ]
    },
    {
      "mode": "managed",
      "type": "azurerm_network_interface_backend_address_pool_association",
      "name": "assoc",
      "provider": "provider[\"registry.terraform.io/hashicorp/azurerm\"]",
      "instances": [
        {
          "schema_version": 0,
          "attributes": {
            "backend_address_pool_id": "/subscriptions/b90be6b5-f715-47e4-86cc-0cbec722b1eb/resourceGroups/Healthcare-RG/providers/Microsoft.Network/loadBalancers/healthcare-lb/backendAddressPools/HealthcarePool",
            "id": "/subscriptions/b90be6b5-f715-47e4-86cc-0cbec722b1eb/resourceGroups/Healthcare-RG/providers/Microsoft.Network/networkInterfaces/healthcare-nic/ipConfigurations/internal|/subscriptions/b90be6b5-f715-47e4-86cc-0cbec722b1eb/resourceGroups/Healthcare-RG/providers/Microsoft.Network/loadBalancers/healthcare-lb/backendAddressPools/HealthcarePool",
            "ip_configuration_name": "internal",
            "network_interface_id": "/subscriptions/b90be6b5-f715-47e4-86cc-0cbec722b1eb/resourceGroups/Healthcare-RG/providers/Microsoft.Network/networkInterfaces/healthcare-nic",
            "timeouts": null
          },
          "sensitive_attributes": [],
          "identity_schema_version": 0,
          "private": "eyJlMmJmYjczMC1lY2FhLTExZTYtOGY4OC0zNDM2M2JjN2M0YzAiOnsiY3JlYXRlIjoxODAwMDAwMDAwMDAwLCJkZWxldGUiOjE4MDAwMDAwMDAwMDAsInJlYWQiOjMwMDAwMDAwMDAwMH19",
          "dependencies": [
            "azurerm_lb.alb",
            "azurerm_lb_backend_address_pool.bap",
            "azurerm_network_interface.nic",
            "azurerm_public_ip.alb_ip",
            "azurerm_resource_group.rg",
            "azurerm_subnet.subnet",
            "azurerm_virtual_network.vnet"
          ]
        }
      ]
    },
    {
      "mode": "managed",
      "type": "azurerm_public_ip",
      "name": "alb_ip",
      "provider": "provider[\"registry.terraform.io/hashicorp/azurerm\"]",
      "instances": [
        {
          "schema_version": 0,
          "attributes": {
            "allocation_method": "Static",
            "ddos_protection_mode": "VirtualNetworkInherited",
            "ddos_protection_plan_id": null,
            "domain_name_label": null,
            "edge_zone": "",
            "fqdn": null,
            "id": "/subscriptions/b90be6b5-f715-47e4-86cc-0cbec722b1eb/resourceGroups/Healthcare-RG/providers/Microsoft.Network/publicIPAddresses/healthcare-alb-ip",
            "idle_timeout_in_minutes": 4,
            "ip_address": "52.172.226.50",
            "ip_tags": null,
            "ip_version": "IPv4",
            "location": "centralindia",
            "name": "healthcare-alb-ip",
            "public_ip_prefix_id": null,
            "resource_group_name": "Healthcare-RG",
            "reverse_fqdn": null,
            "sku": "Standard",
            "sku_tier": "Regional",
            "tags": null,
            "timeouts": null,
            "zones": null
          },
          "sensitive_attributes": [],
          "identity_schema_version": 0,
          "private": "eyJlMmJmYjczMC1lY2FhLTExZTYtOGY4OC0zNDM2M2JjN2M0YzAiOnsiY3JlYXRlIjoxODAwMDAwMDAwMDAwLCJkZWxldGUiOjE4MDAwMDAwMDAwMDAsInJlYWQiOjMwMDAwMDAwMDAwMCwidXBkYXRlIjoxODAwMDAwMDAwMDAwfX0=",
          "dependencies": [
            "azurerm_resource_group.rg"
          ]
        }
      ]
    },
    {
      "mode": "managed",
      "type": "azurerm_resource_group",
      "name": "rg",
      "provider": "provider[\"registry.terraform.io/hashicorp/azurerm\"]",
      "instances": [
        {
          "schema_version": 0,
          "attributes": {
            "id": "/subscriptions/b90be6b5-f715-47e4-86cc-0cbec722b1eb/resourceGroups/Healthcare-RG",
            "location": "centralindia",
            "managed_by": "",
            "name": "Healthcare-RG",
            "tags": null,
            "timeouts": null
          },
          "sensitive_attributes": [],
          "identity_schema_version": 0,
          "private": "eyJlMmJmYjczMC1lY2FhLTExZTYtOGY4OC0zNDM2M2JjN2M0YzAiOnsiY3JlYXRlIjo1NDAwMDAwMDAwMDAwLCJkZWxldGUiOjU0MDAwMDAwMDAwMDAsInJlYWQiOjMwMDAwMDAwMDAwMCwidXBkYXRlIjo1NDAwMDAwMDAwMDAwfX0="
        }
      ]
    },
    {
      "mode": "managed",
      "type": "azurerm_subnet",
      "name": "subnet",
      "provider": "provider[\"registry.terraform.io/hashicorp/azurerm\"]",
      "instances": [
        {
          "schema_version": 0,
          "attributes": {
            "address_prefixes": [
              "10.0.2.0/24"
            ],
            "default_outbound_access_enabled": true,
            "delegation": [],
            "enforce_private_link_endpoint_network_policies": false,
            "enforce_private_link_service_network_policies": false,
            "id": "/subscriptions/b90be6b5-f715-47e4-86cc-0cbec722b1eb/resourceGroups/Healthcare-RG/providers/Microsoft.Network/virtualNetworks/healthcare-vnet/subnets/internal",
            "name": "internal",
            "private_endpoint_network_policies": "Enabled",
            "private_endpoint_network_policies_enabled": true,
            "private_link_service_network_policies_enabled": true,
            "resource_group_name": "Healthcare-RG",
            "service_endpoint_policy_ids": null,
            "service_endpoints": null,
            "timeouts": null,
            "virtual_network_name": "healthcare-vnet"
          },
          "sensitive_attributes": [],
          "identity_schema_version": 0,
          "private": "eyJlMmJmYjczMC1lY2FhLTExZTYtOGY4OC0zNDM2M2JjN2M0YzAiOnsiY3JlYXRlIjoxODAwMDAwMDAwMDAwLCJkZWxldGUiOjE4MDAwMDAwMDAwMDAsInJlYWQiOjMwMDAwMDAwMDAwMCwidXBkYXRlIjoxODAwMDAwMDAwMDAwfX0=",
          "dependencies": [
            "azurerm_resource_group.rg",
            "azurerm_virtual_network.vnet"
          ]
        }
      ]
    },
    {
      "mode": "managed",
      "type": "azurerm_virtual_network",
      "name": "vnet",
      "provider": "provider[\"registry.terraform.io/hashicorp/azurerm\"]",
      "instances": [
        {
          "schema_version": 0,
          "attributes": {
            "address_space": [
              "10.0.0.0/16"
            ],
            "bgp_community": "",
            "ddos_protection_plan": [],
            "dns_servers": [],
            "edge_zone": "",
            "encryption": [],
            "flow_timeout_in_minutes": 0,
            "guid": "0e70b5b3-6c7f-49c4-99dd-7d63dd38a679",
            "id": "/subscriptions/b90be6b5-f715-47e4-86cc-0cbec722b1eb/resourceGroups/Healthcare-RG/providers/Microsoft.Network/virtualNetworks/healthcare-vnet",
            "location": "centralindia",
            "name": "healthcare-vnet",
            "resource_group_name": "Healthcare-RG",
            "subnet": [],
            "tags": null,
            "timeouts": null
          },
          "sensitive_attributes": [],
          "identity_schema_version": 0,
          "private": "eyJlMmJmYjczMC1lY2FhLTExZTYtOGY4OC0zNDM2M2JjN2M0YzAiOnsiY3JlYXRlIjoxODAwMDAwMDAwMDAwLCJkZWxldGUiOjE4MDAwMDAwMDAwMDAsInJlYWQiOjMwMDAwMDAwMDAwMCwidXBkYXRlIjoxODAwMDAwMDAwMDAwfX0=",
          "dependencies": [
            "azurerm_resource_group.rg"
          ]
        }
      ]
    }
  ],
  "check_results": null
}
